// !$*UTF8*$!
{
	archiveVersion = 1;
	classes = {
	};
	objectVersion = 56;
	objects = {

/* Begin PBXBuildFile section */
		CE11D2092B2DB9F600886DA9 /* AppDelegate.swift in Sources */ = {isa = PBXBuildFile; fileRef = CE11D2082B2DB9F600886DA9 /* AppDelegate.swift */; };
		CE11D20B2B2DB9F600886DA9 /* SceneDelegate.swift in Sources */ = {isa = PBXBuildFile; fileRef = CE11D20A2B2DB9F600886DA9 /* SceneDelegate.swift */; };
		CE11D20D2B2DB9F600886DA9 /* ViewController.swift in Sources */ = {isa = PBXBuildFile; fileRef = CE11D20C2B2DB9F600886DA9 /* ViewController.swift */; };
		CE11D2102B2DB9F600886DA9 /* Main.storyboard in Resources */ = {isa = PBXBuildFile; fileRef = CE11D20E2B2DB9F600886DA9 /* Main.storyboard */; };
		CE11D2122B2DB9F800886DA9 /* Assets.xcassets in Resources */ = {isa = PBXBuildFile; fileRef = CE11D2112B2DB9F800886DA9 /* Assets.xcassets */; };
		CE11D2152B2DB9F800886DA9 /* LaunchScreen.storyboard in Resources */ = {isa = PBXBuildFile; fileRef = CE11D2132B2DB9F800886DA9 /* LaunchScreen.storyboard */; };
		CE11D2202B2DB9F900886DA9 /* VitaminoManiaTests.swift in Sources */ = {isa = PBXBuildFile; fileRef = CE11D21F2B2DB9F900886DA9 /* VitaminoManiaTests.swift */; };
		CE11D22A2B2DB9F900886DA9 /* VitaminoManiaUITests.swift in Sources */ = {isa = PBXBuildFile; fileRef = CE11D2292B2DB9F900886DA9 /* VitaminoManiaUITests.swift */; };
		CE11D22C2B2DB9F900886DA9 /* VitaminoManiaUITestsLaunchTests.swift in Sources */ = {isa = PBXBuildFile; fileRef = CE11D22B2B2DB9F900886DA9 /* VitaminoManiaUITestsLaunchTests.swift */; };
		CE11D2392B2DCB5600886DA9 /* Color.xcassets in Resources */ = {isa = PBXBuildFile; fileRef = CE11D2382B2DCB5600886DA9 /* Color.xcassets */; };
		CE4E4FDB2B50753B00841D9A /* StoryboardExtention.swift in Sources */ = {isa = PBXBuildFile; fileRef = CE4E4FDA2B50753B00841D9A /* StoryboardExtention.swift */; };
		CE7B6C1C2B4EFF5F007DE42C /* Spring.storyboard in Resources */ = {isa = PBXBuildFile; fileRef = CE7B6C1B2B4EFF5F007DE42C /* Spring.storyboard */; };
		CE7B6C1E2B4EFF90007DE42C /* Summer.storyboard in Resources */ = {isa = PBXBuildFile; fileRef = CE7B6C1D2B4EFF90007DE42C /* Summer.storyboard */; };
		CE7B6C202B4EFFA9007DE42C /* Autumn.storyboard in Resources */ = {isa = PBXBuildFile; fileRef = CE7B6C1F2B4EFFA9007DE42C /* Autumn.storyboard */; };
		CE7B6C222B4EFFB7007DE42C /* Winter.storyboard in Resources */ = {isa = PBXBuildFile; fileRef = CE7B6C212B4EFFB7007DE42C /* Winter.storyboard */; };
/* End PBXBuildFile section */

/* Begin PBXContainerItemProxy section */
		CE11D21C2B2DB9F900886DA9 /* PBXContainerItemProxy */ = {
			isa = PBXContainerItemProxy;
			containerPortal = CE11D1FD2B2DB9F600886DA9 /* Project object */;
			proxyType = 1;
			remoteGlobalIDString = CE11D2042B2DB9F600886DA9;
			remoteInfo = VitaminoMania;
		};
		CE11D2262B2DB9F900886DA9 /* PBXContainerItemProxy */ = {
			isa = PBXContainerItemProxy;
			containerPortal = CE11D1FD2B2DB9F600886DA9 /* Project object */;
			proxyType = 1;
			remoteGlobalIDString = CE11D2042B2DB9F600886DA9;
			remoteInfo = VitaminoMania;
		};
/* End PBXContainerItemProxy section */

/* Begin PBXFileReference section */
		CE11D2052B2DB9F600886DA9 /* VitaminoMania.app */ = {isa = PBXFileReference; explicitFileType = wrapper.application; includeInIndex = 0; path = VitaminoMania.app; sourceTree = BUILT_PRODUCTS_DIR; };
		CE11D2082B2DB9F600886DA9 /* AppDelegate.swift */ = {isa = PBXFileReference; lastKnownFileType = sourcecode.swift; path = AppDelegate.swift; sourceTree = "<group>"; };
		CE11D20A2B2DB9F600886DA9 /* SceneDelegate.swift */ = {isa = PBXFileReference; lastKnownFileType = sourcecode.swift; path = SceneDelegate.swift; sourceTree = "<group>"; };
		CE11D20C2B2DB9F600886DA9 /* ViewController.swift */ = {isa = PBXFileReference; lastKnownFileType = sourcecode.swift; path = ViewController.swift; sourceTree = "<group>"; };
		CE11D20F2B2DB9F600886DA9 /* Base */ = {isa = PBXFileReference; lastKnownFileType = file.storyboard; name = Base; path = Base.lproj/Main.storyboard; sourceTree = "<group>"; };
		CE11D2112B2DB9F800886DA9 /* Assets.xcassets */ = {isa = PBXFileReference; lastKnownFileType = folder.assetcatalog; path = Assets.xcassets; sourceTree = "<group>"; };
		CE11D2142B2DB9F800886DA9 /* Base */ = {isa = PBXFileReference; lastKnownFileType = file.storyboard; name = Base; path = Base.lproj/LaunchScreen.storyboard; sourceTree = "<group>"; };
		CE11D2162B2DB9F800886DA9 /* Info.plist */ = {isa = PBXFileReference; lastKnownFileType = text.plist.xml; path = Info.plist; sourceTree = "<group>"; };
		CE11D21B2B2DB9F900886DA9 /* VitaminoManiaTests.xctest */ = {isa = PBXFileReference; explicitFileType = wrapper.cfbundle; includeInIndex = 0; path = VitaminoManiaTests.xctest; sourceTree = BUILT_PRODUCTS_DIR; };
		CE11D21F2B2DB9F900886DA9 /* VitaminoManiaTests.swift */ = {isa = PBXFileReference; lastKnownFileType = sourcecode.swift; path = VitaminoManiaTests.swift; sourceTree = "<group>"; };
		CE11D2252B2DB9F900886DA9 /* VitaminoManiaUITests.xctest */ = {isa = PBXFileReference; explicitFileType = wrapper.cfbundle; includeInIndex = 0; path = VitaminoManiaUITests.xctest; sourceTree = BUILT_PRODUCTS_DIR; };
		CE11D2292B2DB9F900886DA9 /* VitaminoManiaUITests.swift */ = {isa = PBXFileReference; lastKnownFileType = sourcecode.swift; path = VitaminoManiaUITests.swift; sourceTree = "<group>"; };
		CE11D22B2B2DB9F900886DA9 /* VitaminoManiaUITestsLaunchTests.swift */ = {isa = PBXFileReference; lastKnownFileType = sourcecode.swift; path = VitaminoManiaUITestsLaunchTests.swift; sourceTree = "<group>"; };
		CE11D2382B2DCB5600886DA9 /* Color.xcassets */ = {isa = PBXFileReference; lastKnownFileType = folder.assetcatalog; path = Color.xcassets; sourceTree = "<group>"; };
		CE4E4FDA2B50753B00841D9A /* StoryboardExtention.swift */ = {isa = PBXFileReference; lastKnownFileType = sourcecode.swift; path = StoryboardExtention.swift; sourceTree = "<group>"; };
		CE7B6C1B2B4EFF5F007DE42C /* Spring.storyboard */ = {isa = PBXFileReference; lastKnownFileType = file.storyboard; path = Spring.storyboard; sourceTree = "<group>"; };
		CE7B6C1D2B4EFF90007DE42C /* Summer.storyboard */ = {isa = PBXFileReference; lastKnownFileType = file.storyboard; path = Summer.storyboard; sourceTree = "<group>"; };
		CE7B6C1F2B4EFFA9007DE42C /* Autumn.storyboard */ = {isa = PBXFileReference; lastKnownFileType = file.storyboard; path = Autumn.storyboard; sourceTree = "<group>"; };
		CE7B6C212B4EFFB7007DE42C /* Winter.storyboard */ = {isa = PBXFileReference; lastKnownFileType = file.storyboard; path = Winter.storyboard; sourceTree = "<group>"; };
/* End PBXFileReference section */

/* Begin PBXFrameworksBuildPhase section */
		CE11D2022B2DB9F600886DA9 /* Frameworks */ = {
			isa = PBXFrameworksBuildPhase;
			buildActionMask = 2147483647;
			files = (
			);
			runOnlyForDeploymentPostprocessing = 0;
		};
		CE11D2182B2DB9F900886DA9 /* Frameworks */ = {
			isa = PBXFrameworksBuildPhase;
			buildActionMask = 2147483647;
			files = (
			);
			runOnlyForDeploymentPostprocessing = 0;
		};
		CE11D2222B2DB9F900886DA9 /* Frameworks */ = {
			isa = PBXFrameworksBuildPhase;
			buildActionMask = 2147483647;
			files = (
			);
			runOnlyForDeploymentPostprocessing = 0;
		};
/* End PBXFrameworksBuildPhase section */

/* Begin PBXGroup section */
		CE11D1FC2B2DB9F600886DA9 = {
			isa = PBXGroup;
			children = (
				CE11D2072B2DB9F600886DA9 /* VitaminoMania */,
				CE11D21E2B2DB9F900886DA9 /* VitaminoManiaTests */,
				CE11D2282B2DB9F900886DA9 /* VitaminoManiaUITests */,
				CE11D2062B2DB9F600886DA9 /* Products */,
			);
			sourceTree = "<group>";
		};
		CE11D2062B2DB9F600886DA9 /* Products */ = {
			isa = PBXGroup;
			children = (
				CE11D2052B2DB9F600886DA9 /* VitaminoMania.app */,
				CE11D21B2B2DB9F900886DA9 /* VitaminoManiaTests.xctest */,
				CE11D2252B2DB9F900886DA9 /* VitaminoManiaUITests.xctest */,
			);
			name = Products;
			sourceTree = "<group>";
		};
		CE11D2072B2DB9F600886DA9 /* VitaminoMania */ = {
			isa = PBXGroup;
			children = (
				CE4E4FD82B50745000841D9A /* Extentions */,
				CE4E4FDD2B50760600841D9A /* App */,
				CEEE6CCA2B4C567200D908BF /* Storyboards */,
				CE11D2112B2DB9F800886DA9 /* Assets.xcassets */,
				CE11D2162B2DB9F800886DA9 /* Info.plist */,
				CE11D2382B2DCB5600886DA9 /* Color.xcassets */,
			);
			path = VitaminoMania;
			sourceTree = "<group>";
		};
		CE11D21E2B2DB9F900886DA9 /* VitaminoManiaTests */ = {
			isa = PBXGroup;
			children = (
				CE11D21F2B2DB9F900886DA9 /* VitaminoManiaTests.swift */,
			);
			path = VitaminoManiaTests;
			sourceTree = "<group>";
		};
		CE11D2282B2DB9F900886DA9 /* VitaminoManiaUITests */ = {
			isa = PBXGroup;
			children = (
				CE11D2292B2DB9F900886DA9 /* VitaminoManiaUITests.swift */,
				CE11D22B2B2DB9F900886DA9 /* VitaminoManiaUITestsLaunchTests.swift */,
			);
			path = VitaminoManiaUITests;
			sourceTree = "<group>";
		};
		CE4E4FD82B50745000841D9A /* Extentions */ = {
			isa = PBXGroup;
			children = (
				CE4E4FDA2B50753B00841D9A /* StoryboardExtention.swift */,
			);
			path = Extentions;
			sourceTree = "<group>";
		};
		CE4E4FDD2B50760600841D9A /* App */ = {
			isa = PBXGroup;
			children = (
				CE11D2082B2DB9F600886DA9 /* AppDelegate.swift */,
				CE11D20A2B2DB9F600886DA9 /* SceneDelegate.swift */,
				CE11D20C2B2DB9F600886DA9 /* ViewController.swift */,
			);
			path = App;
			sourceTree = "<group>";
		};
		CEEE6CCA2B4C567200D908BF /* Storyboards */ = {
			isa = PBXGroup;
			children = (
				CE11D20E2B2DB9F600886DA9 /* Main.storyboard */,
				CE11D2132B2DB9F800886DA9 /* LaunchScreen.storyboard */,
				CE7B6C1B2B4EFF5F007DE42C /* Spring.storyboard */,
				CE7B6C1D2B4EFF90007DE42C /* Summer.storyboard */,
				CE7B6C1F2B4EFFA9007DE42C /* Autumn.storyboard */,
				CE7B6C212B4EFFB7007DE42C /* Winter.storyboard */,
			);
			path = Storyboards;
			sourceTree = "<group>";
		};
/* End PBXGroup section */

/* Begin PBXNativeTarget section */
		CE11D2042B2DB9F600886DA9 /* VitaminoMania */ = {
			isa = PBXNativeTarget;
			buildConfigurationList = CE11D22F2B2DB9F900886DA9 /* Build configuration list for PBXNativeTarget "VitaminoMania" */;
			buildPhases = (
				CE11D2012B2DB9F600886DA9 /* Sources */,
				CE11D2022B2DB9F600886DA9 /* Frameworks */,
				CE11D2032B2DB9F600886DA9 /* Resources */,
			);
			buildRules = (
			);
			dependencies = (
			);
			name = VitaminoMania;
			productName = VitaminoMania;
			productReference = CE11D2052B2DB9F600886DA9 /* VitaminoMania.app */;
			productType = "com.apple.product-type.application";
		};
		CE11D21A2B2DB9F900886DA9 /* VitaminoManiaTests */ = {
			isa = PBXNativeTarget;
			buildConfigurationList = CE11D2322B2DB9F900886DA9 /* Build configuration list for PBXNativeTarget "VitaminoManiaTests" */;
			buildPhases = (
				CE11D2172B2DB9F900886DA9 /* Sources */,
				CE11D2182B2DB9F900886DA9 /* Frameworks */,
				CE11D2192B2DB9F900886DA9 /* Resources */,
			);
			buildRules = (
			);
			dependencies = (
				CE11D21D2B2DB9F900886DA9 /* PBXTargetDependency */,
			);
			name = VitaminoManiaTests;
			productName = VitaminoManiaTests;
			productReference = CE11D21B2B2DB9F900886DA9 /* VitaminoManiaTests.xctest */;
			productType = "com.apple.product-type.bundle.unit-test";
		};
		CE11D2242B2DB9F900886DA9 /* VitaminoManiaUITests */ = {
			isa = PBXNativeTarget;
			buildConfigurationList = CE11D2352B2DB9F900886DA9 /* Build configuration list for PBXNativeTarget "VitaminoManiaUITests" */;
			buildPhases = (
				CE11D2212B2DB9F900886DA9 /* Sources */,
				CE11D2222B2DB9F900886DA9 /* Frameworks */,
				CE11D2232B2DB9F900886DA9 /* Resources */,
			);
			buildRules = (
			);
			dependencies = (
				CE11D2272B2DB9F900886DA9 /* PBXTargetDependency */,
			);
			name = VitaminoManiaUITests;
			productName = VitaminoManiaUITests;
			productReference = CE11D2252B2DB9F900886DA9 /* VitaminoManiaUITests.xctest */;
			productType = "com.apple.product-type.bundle.ui-testing";
		};
/* End PBXNativeTarget section */

/* Begin PBXProject section */
		CE11D1FD2B2DB9F600886DA9 /* Project object */ = {
			isa = PBXProject;
			attributes = {
				BuildIndependentTargetsInParallel = 1;
				LastSwiftUpdateCheck = 1500;
				LastUpgradeCheck = 1500;
				TargetAttributes = {
					CE11D2042B2DB9F600886DA9 = {
						CreatedOnToolsVersion = 15.0;
					};
					CE11D21A2B2DB9F900886DA9 = {
						CreatedOnToolsVersion = 15.0;
						TestTargetID = CE11D2042B2DB9F600886DA9;
					};
					CE11D2242B2DB9F900886DA9 = {
						CreatedOnToolsVersion = 15.0;
						TestTargetID = CE11D2042B2DB9F600886DA9;
					};
				};
			};
			buildConfigurationList = CE11D2002B2DB9F600886DA9 /* Build configuration list for PBXProject "VitaminoMania" */;
			compatibilityVersion = "Xcode 14.0";
			developmentRegion = en;
			hasScannedForEncodings = 0;
			knownRegions = (
				en,
				Base,
			);
			mainGroup = CE11D1FC2B2DB9F600886DA9;
			productRefGroup = CE11D2062B2DB9F600886DA9 /* Products */;
			projectDirPath = "";
			projectRoot = "";
			targets = (
				CE11D2042B2DB9F600886DA9 /* VitaminoMania */,
				CE11D21A2B2DB9F900886DA9 /* VitaminoManiaTests */,
				CE11D2242B2DB9F900886DA9 /* VitaminoManiaUITests */,
			);
		};
/* End PBXProject section */

/* Begin PBXResourcesBuildPhase section */
		CE11D2032B2DB9F600886DA9 /* Resources */ = {
			isa = PBXResourcesBuildPhase;
			buildActionMask = 2147483647;
			files = (
				CE11D2152B2DB9F800886DA9 /* LaunchScreen.storyboard in Resources */,
				CE7B6C222B4EFFB7007DE42C /* Winter.storyboard in Resources */,
				CE11D2392B2DCB5600886DA9 /* Color.xcassets in Resources */,
				CE11D2122B2DB9F800886DA9 /* Assets.xcassets in Resources */,
				CE7B6C1C2B4EFF5F007DE42C /* Spring.storyboard in Resources */,
				CE11D2102B2DB9F600886DA9 /* Main.storyboard in Resources */,
				CE7B6C1E2B4EFF90007DE42C /* Summer.storyboard in Resources */,
				CE7B6C202B4EFFA9007DE42C /* Autumn.storyboard in Resources */,
			);
			runOnlyForDeploymentPostprocessing = 0;
		};
		CE11D2192B2DB9F900886DA9 /* Resources */ = {
			isa = PBXResourcesBuildPhase;
			buildActionMask = 2147483647;
			files = (
			);
			runOnlyForDeploymentPostprocessing = 0;
		};
		CE11D2232B2DB9F900886DA9 /* Resources */ = {
			isa = PBXResourcesBuildPhase;
			buildActionMask = 2147483647;
			files = (
			);
			runOnlyForDeploymentPostprocessing = 0;
		};
/* End PBXResourcesBuildPhase section */

/* Begin PBXSourcesBuildPhase section */
		CE11D2012B2DB9F600886DA9 /* Sources */ = {
			isa = PBXSourcesBuildPhase;
			buildActionMask = 2147483647;
			files = (
				CE11D20D2B2DB9F600886DA9 /* ViewController.swift in Sources */,
				CE11D2092B2DB9F600886DA9 /* AppDelegate.swift in Sources */,
				CE11D20B2B2DB9F600886DA9 /* SceneDelegate.swift in Sources */,
				CE4E4FDB2B50753B00841D9A /* StoryboardExtention.swift in Sources */,
			);
			runOnlyForDeploymentPostprocessing = 0;
		};
		CE11D2172B2DB9F900886DA9 /* Sources */ = {
			isa = PBXSourcesBuildPhase;
			buildActionMask = 2147483647;
			files = (
				CE11D2202B2DB9F900886DA9 /* VitaminoManiaTests.swift in Sources */,
			);
			runOnlyForDeploymentPostprocessing = 0;
		};
		CE11D2212B2DB9F900886DA9 /* Sources */ = {
			isa = PBXSourcesBuildPhase;
			buildActionMask = 2147483647;
			files = (
				CE11D22C2B2DB9F900886DA9 /* VitaminoManiaUITestsLaunchTests.swift in Sources */,
				CE11D22A2B2DB9F900886DA9 /* VitaminoManiaUITests.swift in Sources */,
			);
			runOnlyForDeploymentPostprocessing = 0;
		};
/* End PBXSourcesBuildPhase section */

/* Begin PBXTargetDependency section */
		CE11D21D2B2DB9F900886DA9 /* PBXTargetDependency */ = {
			isa = PBXTargetDependency;
			target = CE11D2042B2DB9F600886DA9 /* VitaminoMania */;
			targetProxy = CE11D21C2B2DB9F900886DA9 /* PBXContainerItemProxy */;
		};
		CE11D2272B2DB9F900886DA9 /* PBXTargetDependency */ = {
			isa = PBXTargetDependency;
			target = CE11D2042B2DB9F600886DA9 /* VitaminoMania */;
			targetProxy = CE11D2262B2DB9F900886DA9 /* PBXContainerItemProxy */;
		};
/* End PBXTargetDependency section */

/* Begin PBXVariantGroup section */
		CE11D20E2B2DB9F600886DA9 /* Main.storyboard */ = {
			isa = PBXVariantGroup;
			children = (
				CE11D20F2B2DB9F600886DA9 /* Base */,
			);
			name = Main.storyboard;
			sourceTree = "<group>";
		};
		CE11D2132B2DB9F800886DA9 /* LaunchScreen.storyboard */ = {
			isa = PBXVariantGroup;
			children = (
				CE11D2142B2DB9F800886DA9 /* Base */,
			);
			name = LaunchScreen.storyboard;
			sourceTree = "<group>";
		};
/* End PBXVariantGroup section */

/* Begin XCBuildConfiguration section */
		CE11D22D2B2DB9F900886DA9 /* Debug */ = {
			isa = XCBuildConfiguration;
			buildSettings = {
				ALWAYS_SEARCH_USER_PATHS = NO;
				ASSETCATALOG_COMPILER_GENERATE_SWIFT_ASSET_SYMBOL_EXTENSIONS = YES;
				CLANG_ANALYZER_NONNULL = YES;
				CLANG_ANALYZER_NUMBER_OBJECT_CONVERSION = YES_AGGRESSIVE;
				CLANG_CXX_LANGUAGE_STANDARD = "gnu++20";
				CLANG_ENABLE_MODULES = YES;
				CLANG_ENABLE_OBJC_ARC = YES;
				CLANG_ENABLE_OBJC_WEAK = YES;
				CLANG_WARN_BLOCK_CAPTURE_AUTORELEASING = YES;
				CLANG_WARN_BOOL_CONVERSION = YES;
				CLANG_WARN_COMMA = YES;
				CLANG_WARN_CONSTANT_CONVERSION = YES;
				CLANG_WARN_DEPRECATED_OBJC_IMPLEMENTATIONS = YES;
				CLANG_WARN_DIRECT_OBJC_ISA_USAGE = YES_ERROR;
				CLANG_WARN_DOCUMENTATION_COMMENTS = YES;
				CLANG_WARN_EMPTY_BODY = YES;
				CLANG_WARN_ENUM_CONVERSION = YES;
				CLANG_WARN_INFINITE_RECURSION = YES;
				CLANG_WARN_INT_CONVERSION = YES;
				CLANG_WARN_NON_LITERAL_NULL_CONVERSION = YES;
				CLANG_WARN_OBJC_IMPLICIT_RETAIN_SELF = YES;
				CLANG_WARN_OBJC_LITERAL_CONVERSION = YES;
				CLANG_WARN_OBJC_ROOT_CLASS = YES_ERROR;
				CLANG_WARN_QUOTED_INCLUDE_IN_FRAMEWORK_HEADER = YES;
				CLANG_WARN_RANGE_LOOP_ANALYSIS = YES;
				CLANG_WARN_STRICT_PROTOTYPES = YES;
				CLANG_WARN_SUSPICIOUS_MOVE = YES;
				CLANG_WARN_UNGUARDED_AVAILABILITY = YES_AGGRESSIVE;
				CLANG_WARN_UNREACHABLE_CODE = YES;
				CLANG_WARN__DUPLICATE_METHOD_MATCH = YES;
				COPY_PHASE_STRIP = NO;
				DEBUG_INFORMATION_FORMAT = dwarf;
				ENABLE_STRICT_OBJC_MSGSEND = YES;
				ENABLE_TESTABILITY = YES;
				ENABLE_USER_SCRIPT_SANDBOXING = YES;
				GCC_C_LANGUAGE_STANDARD = gnu17;
				GCC_DYNAMIC_NO_PIC = NO;
				GCC_NO_COMMON_BLOCKS = YES;
				GCC_OPTIMIZATION_LEVEL = 0;
				GCC_PREPROCESSOR_DEFINITIONS = (
					"DEBUG=1",
					"$(inherited)",
				);
				GCC_WARN_64_TO_32_BIT_CONVERSION = YES;
				GCC_WARN_ABOUT_RETURN_TYPE = YES_ERROR;
				GCC_WARN_UNDECLARED_SELECTOR = YES;
				GCC_WARN_UNINITIALIZED_AUTOS = YES_AGGRESSIVE;
				GCC_WARN_UNUSED_FUNCTION = YES;
				GCC_WARN_UNUSED_VARIABLE = YES;
				IPHONEOS_DEPLOYMENT_TARGET = 17.0;
				LOCALIZATION_PREFERS_STRING_CATALOGS = YES;
				MTL_ENABLE_DEBUG_INFO = INCLUDE_SOURCE;
				MTL_FAST_MATH = YES;
				ONLY_ACTIVE_ARCH = YES;
				SDKROOT = iphoneos;
				SWIFT_ACTIVE_COMPILATION_CONDITIONS = "DEBUG $(inherited)";
				SWIFT_OPTIMIZATION_LEVEL = "-Onone";
			};
			name = Debug;
		};
		CE11D22E2B2DB9F900886DA9 /* Release */ = {
			isa = XCBuildConfiguration;
			buildSettings = {
				ALWAYS_SEARCH_USER_PATHS = NO;
				ASSETCATALOG_COMPILER_GENERATE_SWIFT_ASSET_SYMBOL_EXTENSIONS = YES;
				CLANG_ANALYZER_NONNULL = YES;
				CLANG_ANALYZER_NUMBER_OBJECT_CONVERSION = YES_AGGRESSIVE;
				CLANG_CXX_LANGUAGE_STANDARD = "gnu++20";
				CLANG_ENABLE_MODULES = YES;
				CLANG_ENABLE_OBJC_ARC = YES;
				CLANG_ENABLE_OBJC_WEAK = YES;
				CLANG_WARN_BLOCK_CAPTURE_AUTORELEASING = YES;
				CLANG_WARN_BOOL_CONVERSION = YES;
				CLANG_WARN_COMMA = YES;
				CLANG_WARN_CONSTANT_CONVERSION = YES;
				CLANG_WARN_DEPRECATED_OBJC_IMPLEMENTATIONS = YES;
				CLANG_WARN_DIRECT_OBJC_ISA_USAGE = YES_ERROR;
				CLANG_WARN_DOCUMENTATION_COMMENTS = YES;
				CLANG_WARN_EMPTY_BODY = YES;
				CLANG_WARN_ENUM_CONVERSION = YES;
				CLANG_WARN_INFINITE_RECURSION = YES;
				CLANG_WARN_INT_CONVERSION = YES;
				CLANG_WARN_NON_LITERAL_NULL_CONVERSION = YES;
				CLANG_WARN_OBJC_IMPLICIT_RETAIN_SELF = YES;
				CLANG_WARN_OBJC_LITERAL_CONVERSION = YES;
				CLANG_WARN_OBJC_ROOT_CLASS = YES_ERROR;
				CLANG_WARN_QUOTED_INCLUDE_IN_FRAMEWORK_HEADER = YES;
				CLANG_WARN_RANGE_LOOP_ANALYSIS = YES;
				CLANG_WARN_STRICT_PROTOTYPES = YES;
				CLANG_WARN_SUSPICIOUS_MOVE = YES;
				CLANG_WARN_UNGUARDED_AVAILABILITY = YES_AGGRESSIVE;
				CLANG_WARN_UNREACHABLE_CODE = YES;
				CLANG_WARN__DUPLICATE_METHOD_MATCH = YES;
				COPY_PHASE_STRIP = NO;
				DEBUG_INFORMATION_FORMAT = "dwarf-with-dsym";
				ENABLE_NS_ASSERTIONS = NO;
				ENABLE_STRICT_OBJC_MSGSEND = YES;
				ENABLE_USER_SCRIPT_SANDBOXING = YES;
				GCC_C_LANGUAGE_STANDARD = gnu17;
				GCC_NO_COMMON_BLOCKS = YES;
				GCC_WARN_64_TO_32_BIT_CONVERSION = YES;
				GCC_WARN_ABOUT_RETURN_TYPE = YES_ERROR;
				GCC_WARN_UNDECLARED_SELECTOR = YES;
				GCC_WARN_UNINITIALIZED_AUTOS = YES_AGGRESSIVE;
				GCC_WARN_UNUSED_FUNCTION = YES;
				GCC_WARN_UNUSED_VARIABLE = YES;
				IPHONEOS_DEPLOYMENT_TARGET = 17.0;
				LOCALIZATION_PREFERS_STRING_CATALOGS = YES;
				MTL_ENABLE_DEBUG_INFO = NO;
				MTL_FAST_MATH = YES;
				SDKROOT = iphoneos;
				SWIFT_COMPILATION_MODE = wholemodule;
				VALIDATE_PRODUCT = YES;
			};
			name = Release;
		};
		CE11D2302B2DB9F900886DA9 /* Debug */ = {
			isa = XCBuildConfiguration;
			buildSettings = {
				ASSETCATALOG_COMPILER_APPICON_NAME = AppIcon;
				ASSETCATALOG_COMPILER_GLOBAL_ACCENT_COLOR_NAME = AccentColor;
				CODE_SIGN_STYLE = Automatic;
				CURRENT_PROJECT_VERSION = 1;
				DEVELOPMENT_TEAM = PNU28B9R8L;
				GENERATE_INFOPLIST_FILE = YES;
				INFOPLIST_FILE = VitaminoMania/Info.plist;
				INFOPLIST_KEY_CFBundleDisplayName = VitaminoMania;
				INFOPLIST_KEY_LSApplicationCategoryType = "public.app-category.food-and-drink";
				INFOPLIST_KEY_UIApplicationSupportsIndirectInputEvents = YES;
				INFOPLIST_KEY_UILaunchStoryboardName = LaunchScreen;
				INFOPLIST_KEY_UIMainStoryboardFile = Main;
				INFOPLIST_KEY_UIStatusBarStyle = "";
				INFOPLIST_KEY_UISupportedInterfaceOrientations = UIInterfaceOrientationPortrait;
				INFOPLIST_KEY_UISupportedInterfaceOrientations_iPad = "UIInterfaceOrientationLandscapeLeft UIInterfaceOrientationLandscapeRight UIInterfaceOrientationPortrait UIInterfaceOrientationPortraitUpsideDown";
				IPHONEOS_DEPLOYMENT_TARGET = 14.0;
				LD_RUNPATH_SEARCH_PATHS = (
					"$(inherited)",
					"@executable_path/Frameworks",
				);
				MARKETING_VERSION = 1.0;
				PRODUCT_BUNDLE_IDENTIFIER = com.HristoMihovski.VitaminoMania;
				PRODUCT_NAME = "$(TARGET_NAME)";
				SWIFT_EMIT_LOC_STRINGS = YES;
				SWIFT_VERSION = 5.0;
				TARGETED_DEVICE_FAMILY = "1,2";
			};
			name = Debug;
		};
		CE11D2312B2DB9F900886DA9 /* Release */ = {
			isa = XCBuildConfiguration;
			buildSettings = {
				ASSETCATALOG_COMPILER_APPICON_NAME = AppIcon;
				ASSETCATALOG_COMPILER_GLOBAL_ACCENT_COLOR_NAME = AccentColor;
				CODE_SIGN_STYLE = Automatic;
				CURRENT_PROJECT_VERSION = 1;
				DEVELOPMENT_TEAM = PNU28B9R8L;
				GENERATE_INFOPLIST_FILE = YES;
				INFOPLIST_FILE = VitaminoMania/Info.plist;
				INFOPLIST_KEY_CFBundleDisplayName = VitaminoMania;
				INFOPLIST_KEY_LSApplicationCategoryType = "public.app-category.food-and-drink";
				INFOPLIST_KEY_UIApplicationSupportsIndirectInputEvents = YES;
				INFOPLIST_KEY_UILaunchStoryboardName = LaunchScreen;
				INFOPLIST_KEY_UIMainStoryboardFile = Main;
				INFOPLIST_KEY_UIStatusBarStyle = "";
				INFOPLIST_KEY_UISupportedInterfaceOrientations = UIInterfaceOrientationPortrait;
				INFOPLIST_KEY_UISupportedInterfaceOrientations_iPad = "UIInterfaceOrientationLandscapeLeft UIInterfaceOrientationLandscapeRight UIInterfaceOrientationPortrait UIInterfaceOrientationPortraitUpsideDown";
				IPHONEOS_DEPLOYMENT_TARGET = 14.0;
				LD_RUNPATH_SEARCH_PATHS = (
					"$(inherited)",
					"@executable_path/Frameworks",
				);
				MARKETING_VERSION = 1.0;
				PRODUCT_BUNDLE_IDENTIFIER = com.HristoMihovski.VitaminoMania;
				PRODUCT_NAME = "$(TARGET_NAME)";
				SWIFT_EMIT_LOC_STRINGS = YES;
				SWIFT_VERSION = 5.0;
				TARGETED_DEVICE_FAMILY = "1,2";
			};
			name = Release;
		};
		CE11D2332B2DB9F900886DA9 /* Debug */ = {
			isa = XCBuildConfiguration;
			buildSettings = {
				ALWAYS_EMBED_SWIFT_STANDARD_LIBRARIES = YES;
				BUNDLE_LOADER = "$(TEST_HOST)";
				CODE_SIGN_STYLE = Automatic;
				CURRENT_PROJECT_VERSION = 1;
				DEVELOPMENT_TEAM = PNU28B9R8L;
				GENERATE_INFOPLIST_FILE = YES;
				IPHONEOS_DEPLOYMENT_TARGET = 17.0;
				MARKETING_VERSION = 1.0;
				PRODUCT_BUNDLE_IDENTIFIER = com.HristoMihovski.VitaminoManiaTests;
				PRODUCT_NAME = "$(TARGET_NAME)";
				SWIFT_EMIT_LOC_STRINGS = NO;
				SWIFT_VERSION = 5.0;
				TARGETED_DEVICE_FAMILY = "1,2";
				TEST_HOST = "$(BUILT_PRODUCTS_DIR)/VitaminoMania.app/$(BUNDLE_EXECUTABLE_FOLDER_PATH)/VitaminoMania";
			};
			name = Debug;
		};
		CE11D2342B2DB9F900886DA9 /* Release */ = {
			isa = XCBuildConfiguration;
			buildSettings = {
				ALWAYS_EMBED_SWIFT_STANDARD_LIBRARIES = YES;
				BUNDLE_LOADER = "$(TEST_HOST)";
				CODE_SIGN_STYLE = Automatic;
				CURRENT_PROJECT_VERSION = 1;
				DEVELOPMENT_TEAM = PNU28B9R8L;
				GENERATE_INFOPLIST_FILE = YES;
				IPHONEOS_DEPLOYMENT_TARGET = 17.0;
				MARKETING_VERSION = 1.0;
				PRODUCT_BUNDLE_IDENTIFIER = com.HristoMihovski.VitaminoManiaTests;
				PRODUCT_NAME = "$(TARGET_NAME)";
				SWIFT_EMIT_LOC_STRINGS = NO;
				SWIFT_VERSION = 5.0;
				TARGETED_DEVICE_FAMILY = "1,2";
				TEST_HOST = "$(BUILT_PRODUCTS_DIR)/VitaminoMania.app/$(BUNDLE_EXECUTABLE_FOLDER_PATH)/VitaminoMania";
			};
			name = Release;
		};
		CE11D2362B2DB9F900886DA9 /* Debug */ = {
			isa = XCBuildConfiguration;
			buildSettings = {
				ALWAYS_EMBED_SWIFT_STANDARD_LIBRARIES = YES;
				CODE_SIGN_STYLE = Automatic;
				CURRENT_PROJECT_VERSION = 1;
				DEVELOPMENT_TEAM = PNU28B9R8L;
				GENERATE_INFOPLIST_FILE = YES;
				MARKETING_VERSION = 1.0;
				PRODUCT_BUNDLE_IDENTIFIER = com.HristoMihovski.VitaminoManiaUITests;
				PRODUCT_NAME = "$(TARGET_NAME)";
				SWIFT_EMIT_LOC_STRINGS = NO;
				SWIFT_VERSION = 5.0;
				TARGETED_DEVICE_FAMILY = "1,2";
				TEST_TARGET_NAME = VitaminoMania;
			};
			name = Debug;
		};
		CE11D2372B2DB9F900886DA9 /* Release */ = {
			isa = XCBuildConfiguration;
			buildSettings = {
				ALWAYS_EMBED_SWIFT_STANDARD_LIBRARIES = YES;
				CODE_SIGN_STYLE = Automatic;
				CURRENT_PROJECT_VERSION = 1;
				DEVELOPMENT_TEAM = PNU28B9R8L;
				GENERATE_INFOPLIST_FILE = YES;
				MARKETING_VERSION = 1.0;
				PRODUCT_BUNDLE_IDENTIFIER = com.HristoMihovski.VitaminoManiaUITests;
				PRODUCT_NAME = "$(TARGET_NAME)";
				SWIFT_EMIT_LOC_STRINGS = NO;
				SWIFT_VERSION = 5.0;
				TARGETED_DEVICE_FAMILY = "1,2";
				TEST_TARGET_NAME = VitaminoMania;
			};
			name = Release;
		};
/* End XCBuildConfiguration section */

/* Begin XCConfigurationList section */
		CE11D2002B2DB9F600886DA9 /* Build configuration list for PBXProject "VitaminoMania" */ = {
			isa = XCConfigurationList;
			buildConfigurations = (
				CE11D22D2B2DB9F900886DA9 /* Debug */,
				CE11D22E2B2DB9F900886DA9 /* Release */,
			);
			defaultConfigurationIsVisible = 0;
			defaultConfigurationName = Release;
		};
		CE11D22F2B2DB9F900886DA9 /* Build configuration list for PBXNativeTarget "VitaminoMania" */ = {
			isa = XCConfigurationList;
			buildConfigurations = (
				CE11D2302B2DB9F900886DA9 /* Debug */,
				CE11D2312B2DB9F900886DA9 /* Release */,
			);
			defaultConfigurationIsVisible = 0;
			defaultConfigurationName = Release;
		};
		CE11D2322B2DB9F900886DA9 /* Build configuration list for PBXNativeTarget "VitaminoManiaTests" */ = {
			isa = XCConfigurationList;
			buildConfigurations = (
				CE11D2332B2DB9F900886DA9 /* Debug */,
				CE11D2342B2DB9F900886DA9 /* Release */,
			);
			defaultConfigurationIsVisible = 0;
			defaultConfigurationName = Release;
		};
		CE11D2352B2DB9F900886DA9 /* Build configuration list for PBXNativeTarget "VitaminoManiaUITests" */ = {
			isa = XCConfigurationList;
			buildConfigurations = (
				CE11D2362B2DB9F900886DA9 /* Debug */,
				CE11D2372B2DB9F900886DA9 /* Release */,
			);
			defaultConfigurationIsVisible = 0;
			defaultConfigurationName = Release;
		};
/* End XCConfigurationList section */
	};
	rootObject = CE11D1FD2B2DB9F600886DA9 /* Project object */;
}
